
Microsoft Visual Studio Solution File, Format Version 12.00
# Visual Studio Version 16
VisualStudioVersion = 16.0.30621.155
MinimumVisualStudioVersion = 10.0.40219.1
Project("{FAE04EC0-301F-11D3-BF4B-00C04F79EFBC}") = "TvShowProj", "TvShowProj.csproj", "{3DB9A005-402C-4E01-BD0D-1DFBBDE614A0}"
EndProject
Global
	GlobalSection(SolutionConfigurationPlatforms) = preSolution
		Debug|Any CPU = Debug|Any CPU
		Release|Any CPU = Release|Any CPU
	EndGlobalSection
	GlobalSection(ProjectConfigurationPlatforms) = postSolution
		{3DB9A005-402C-4E01-BD0D-1DFBBDE614A0}.Debug|Any CPU.ActiveCfg = Debug|Any CPU
		{3DB9A005-402C-4E01-BD0D-1DFBBDE614A0}.Debug|Any CPU.Build.0 = Debug|Any CPU
		{3DB9A005-402C-4E01-BD0D-1DFBBDE614A0}.Release|Any CPU.ActiveCfg = Release|Any CPU
		{3DB9A005-402C-4E01-BD0D-1DFBBDE614A0}.Release|Any CPU.Build.0 = Release|Any CPU
	EndGlobalSection
	GlobalSection(SolutionProperties) = preSolution
		HideSolutionNode = FALSE
	EndGlobalSection
	GlobalSection(ExtensibilityGlobals) = postSolution
		SolutionGuid = {54DAAAC7-A9E0-4CE2-B650-7AC2B962C867}
	EndGlobalSection
EndGlobal
